
Microsoft Visual Studio Solution File, Format Version 12.00
# Visual Studio Version 17
VisualStudioVersion = 17.0.31903.59
MinimumVisualStudioVersion = 10.0.40219.1
# Файл решения Visual Studio: перечисляет проекты для `dotnet build КостинДА_6пр.sln` (проект один - Lab6). Вручную обычно не правится.
# Проект Lab6 (ASP.NET Core MVC): путь к csproj и его GUID.
Project("{FAE04EC0-301F-11D3-BF4B-00C04F79EFBC}") = "Lab6", "Lab6\Lab6.csproj", "{0F169C24-4AC2-40BF-BD9A-CB6852844186}"
EndProject
Global
	GlobalSection(SolutionConfigurationPlatforms) = preSolution
		Debug|Any CPU = Debug|Any CPU
		Debug|x64 = Debug|x64
		Debug|x86 = Debug|x86
		Release|Any CPU = Release|Any CPU
		Release|x64 = Release|x64
		Release|x86 = Release|x86
	EndGlobalSection
	GlobalSection(ProjectConfigurationPlatforms) = postSolution
		{0F169C24-4AC2-40BF-BD9A-CB6852844186}.Debug|Any CPU.ActiveCfg = Debug|Any CPU
		{0F169C24-4AC2-40BF-BD9A-CB6852844186}.Debug|Any CPU.Build.0 = Debug|Any CPU
		{0F169C24-4AC2-40BF-BD9A-CB6852844186}.Debug|x64.ActiveCfg = Debug|Any CPU
		{0F169C24-4AC2-40BF-BD9A-CB6852844186}.Debug|x64.Build.0 = Debug|Any CPU
		{0F169C24-4AC2-40BF-BD9A-CB6852844186}.Debug|x86.ActiveCfg = Debug|Any CPU
		{0F169C24-4AC2-40BF-BD9A-CB6852844186}.Debug|x86.Build.0 = Debug|Any CPU
		{0F169C24-4AC2-40BF-BD9A-CB6852844186}.Release|Any CPU.ActiveCfg = Release|Any CPU
		{0F169C24-4AC2-40BF-BD9A-CB6852844186}.Release|Any CPU.Build.0 = Release|Any CPU
		{0F169C24-4AC2-40BF-BD9A-CB6852844186}.Release|x64.ActiveCfg = Release|Any CPU
		{0F169C24-4AC2-40BF-BD9A-CB6852844186}.Release|x64.Build.0 = Release|Any CPU
		{0F169C24-4AC2-40BF-BD9A-CB6852844186}.Release|x86.ActiveCfg = Release|Any CPU
		{0F169C24-4AC2-40BF-BD9A-CB6852844186}.Release|x86.Build.0 = Release|Any CPU
	EndGlobalSection
	GlobalSection(SolutionProperties) = preSolution
		HideSolutionNode = FALSE
	EndGlobalSection
EndGlobal
